// !$*UTF8*$!
{
	archiveVersion = 1;
	classes = {
	};
	objectVersion = 50;
	objects = {

/* Begin PBXBuildFile section */
		D9A05AC3253831E900E26537 /* SwiftUI_15App.swift in Sources */ = {isa = PBXBuildFile; fileRef = D9A05AC2253831E900E26537 /* SwiftUI_15App.swift */; };
		D9A05AC5253831E900E26537 /* ContentView.swift in Sources */ = {isa = PBXBuildFile; fileRef = D9A05AC4253831E900E26537 /* ContentView.swift */; };
		D9A05AC7253831E900E26537 /* Assets.xcassets in Resources */ = {isa = PBXBuildFile; fileRef = D9A05AC6253831E900E26537 /* Assets.xcassets */; };
		D9A05ACA253831E900E26537 /* Preview Assets.xcassets in Resources */ = {isa = PBXBuildFile; fileRef = D9A05AC9253831E900E26537 /* Preview Assets.xcassets */; };
		D9A05AD32538337D00E26537 /* README.md in Resources */ = {isa = PBXBuildFile; fileRef = D9A05AD22538337D00E26537 /* README.md */; };
		D9A05AD625383F4800E26537 /* StartButton.swift in Sources */ = {isa = PBXBuildFile; fileRef = D9A05AD525383F4800E26537 /* StartButton.swift */; };
		D9A05ADB2538592400E26537 /* CircleLight.swift in Sources */ = {isa = PBXBuildFile; fileRef = D9A05ADA2538592400E26537 /* CircleLight.swift */; };
/* End PBXBuildFile section */

/* Begin PBXFileReference section */
		D9A05ABF253831E900E26537 /* SwiftUI-15.app */ = {isa = PBXFileReference; explicitFileType = wrapper.application; includeInIndex = 0; path = "SwiftUI-15.app"; sourceTree = BUILT_PRODUCTS_DIR; };
		D9A05AC2253831E900E26537 /* SwiftUI_15App.swift */ = {isa = PBXFileReference; lastKnownFileType = sourcecode.swift; path = SwiftUI_15App.swift; sourceTree = "<group>"; };
		D9A05AC4253831E900E26537 /* ContentView.swift */ = {isa = PBXFileReference; lastKnownFileType = sourcecode.swift; path = ContentView.swift; sourceTree = "<group>"; };
		D9A05AC6253831E900E26537 /* Assets.xcassets */ = {isa = PBXFileReference; lastKnownFileType = folder.assetcatalog; path = Assets.xcassets; sourceTree = "<group>"; };
		D9A05AC9253831E900E26537 /* Preview Assets.xcassets */ = {isa = PBXFileReference; lastKnownFileType = folder.assetcatalog; path = "Preview Assets.xcassets"; sourceTree = "<group>"; };
		D9A05ACB253831E900E26537 /* Info.plist */ = {isa = PBXFileReference; lastKnownFileType = text.plist.xml; path = Info.plist; sourceTree = "<group>"; };
		D9A05AD22538337D00E26537 /* README.md */ = {isa = PBXFileReference; lastKnownFileType = net.daringfireball.markdown; path = README.md; sourceTree = "<group>"; };
		D9A05AD525383F4800E26537 /* StartButton.swift */ = {isa = PBXFileReference; lastKnownFileType = sourcecode.swift; path = StartButton.swift; sourceTree = "<group>"; };
		D9A05ADA2538592400E26537 /* CircleLight.swift */ = {isa = PBXFileReference; lastKnownFileType = sourcecode.swift; path = CircleLight.swift; sourceTree = "<group>"; };
/* End PBXFileReference section */

/* Begin PBXFrameworksBuildPhase section */
		D9A05ABC253831E900E26537 /* Frameworks */ = {
			isa = PBXFrameworksBuildPhase;
			buildActionMask = 2147483647;
			files = (
			);
			runOnlyForDeploymentPostprocessing = 0;
		};
/* End PBXFrameworksBuildPhase section */

/* Begin PBXGroup section */
		D9A05AB6253831E900E26537 = {
			isa = PBXGroup;
			children = (
				D9A05AD22538337D00E26537 /* README.md */,
				D9A05AC1253831E900E26537 /* SwiftUI-15 */,
				D9A05AC0253831E900E26537 /* Products */,
			);
			sourceTree = "<group>";
		};
		D9A05AC0253831E900E26537 /* Products */ = {
			isa = PBXGroup;
			children = (
				D9A05ABF253831E900E26537 /* SwiftUI-15.app */,
			);
			name = Products;
			sourceTree = "<group>";
		};
		D9A05AC1253831E900E26537 /* SwiftUI-15 */ = {
			isa = PBXGroup;
			children = (
				D9A05AC2253831E900E26537 /* SwiftUI_15App.swift */,
				D9A05AC4253831E900E26537 /* ContentView.swift */,
				D9A05AD525383F4800E26537 /* StartButton.swift */,
				D9A05ADA2538592400E26537 /* CircleLight.swift */,
				D9A05AC6253831E900E26537 /* Assets.xcassets */,
				D9A05ACB253831E900E26537 /* Info.plist */,
				D9A05AC8253831E900E26537 /* Preview Content */,
			);
			path = "SwiftUI-15";
			sourceTree = "<group>";
		};
		D9A05AC8253831E900E26537 /* Preview Content */ = {
			isa = PBXGroup;
			children = (
				D9A05AC9253831E900E26537 /* Preview Assets.xcassets */,
			);
			path = "Preview Content";
			sourceTree = "<group>";
		};
/* End PBXGroup section */

/* Begin PBXNativeTarget section */
		D9A05ABE253831E900E26537 /* SwiftUI-15 */ = {
			isa = PBXNativeTarget;
			buildConfigurationList = D9A05ACE253831E900E26537 /* Build configuration list for PBXNativeTarget "SwiftUI-15" */;
			buildPhases = (
				D9A05ABB253831E900E26537 /* Sources */,
				D9A05ABC253831E900E26537 /* Frameworks */,
				D9A05ABD253831E900E26537 /* Resources */,
			);
			buildRules = (
			);
			dependencies = (
			);
			name = "SwiftUI-15";
			productName = "SwiftUI-15";
			productReference = D9A05ABF253831E900E26537 /* SwiftUI-15.app */;
			productType = "com.apple.product-type.application";
		};
/* End PBXNativeTarget section */

/* Begin PBXProject section */
		D9A05AB7253831E900E26537 /* Project object */ = {
			isa = PBXProject;
			attributes = {
				LastSwiftUpdateCheck = 1200;
				LastUpgradeCheck = 1200;
				TargetAttributes = {
					D9A05ABE253831E900E26537 = {
						CreatedOnToolsVersion = 12.0.1;
					};
				};
			};
			buildConfigurationList = D9A05ABA253831E900E26537 /* Build configuration list for PBXProject "SwiftUI-15" */;
			compatibilityVersion = "Xcode 9.3";
			developmentRegion = en;
			hasScannedForEncodings = 0;
			knownRegions = (
				en,
				Base,
			);
			mainGroup = D9A05AB6253831E900E26537;
			productRefGroup = D9A05AC0253831E900E26537 /* Products */;
			projectDirPath = "";
			projectRoot = "";
			targets = (
				D9A05ABE253831E900E26537 /* SwiftUI-15 */,
			);
		};
/* End PBXProject section */

/* Begin PBXResourcesBuildPhase section */
		D9A05ABD253831E900E26537 /* Resources */ = {
			isa = PBXResourcesBuildPhase;
			buildActionMask = 2147483647;
			files = (
				D9A05AD32538337D00E26537 /* README.md in Resources */,
				D9A05ACA253831E900E26537 /* Preview Assets.xcassets in Resources */,
				D9A05AC7253831E900E26537 /* Assets.xcassets in Resources */,
			);
			runOnlyForDeploymentPostprocessing = 0;
		};
/* End PBXResourcesBuildPhase section */

/* Begin PBXSourcesBuildPhase section */
		D9A05ABB253831E900E26537 /* Sources */ = {
			isa = PBXSourcesBuildPhase;
			buildActionMask = 2147483647;
			files = (
				D9A05AD625383F4800E26537 /* StartButton.swift in Sources */,
				D9A05AC5253831E900E26537 /* ContentView.swift in Sources */,
				D9A05ADB2538592400E26537 /* CircleLight.swift in Sources */,
				D9A05AC3253831E900E26537 /* SwiftUI_15App.swift in Sources */,
			);
			runOnlyForDeploymentPostprocessing = 0;
		};
/* End PBXSourcesBuildPhase section */

/* Begin XCBuildConfiguration section */
		D9A05ACC253831E900E26537 /* Debug */ = {
			isa = XCBuildConfiguration;
			buildSettings = {
				ALWAYS_SEARCH_USER_PATHS = NO;
				CLANG_ANALYZER_NONNULL = YES;
				CLANG_ANALYZER_NUMBER_OBJECT_CONVERSION = YES_AGGRESSIVE;
				CLANG_CXX_LANGUAGE_STANDARD = "gnu++14";
				CLANG_CXX_LIBRARY = "libc++";
				CLANG_ENABLE_MODULES = YES;
				CLANG_ENABLE_OBJC_ARC = YES;
				CLANG_ENABLE_OBJC_WEAK = YES;
				CLANG_WARN_BLOCK_CAPTURE_AUTORELEASING = YES;
				CLANG_WARN_BOOL_CONVERSION = YES;
				CLANG_WARN_COMMA = YES;
				CLANG_WARN_CONSTANT_CONVERSION = YES;
				CLANG_WARN_DEPRECATED_OBJC_IMPLEMENTATIONS = YES;
				CLANG_WARN_DIRECT_OBJC_ISA_USAGE = YES_ERROR;
				CLANG_WARN_DOCUMENTATION_COMMENTS = YES;
				CLANG_WARN_EMPTY_BODY = YES;
				CLANG_WARN_ENUM_CONVERSION = YES;
				CLANG_WARN_INFINITE_RECURSION = YES;
				CLANG_WARN_INT_CONVERSION = YES;
				CLANG_WARN_NON_LITERAL_NULL_CONVERSION = YES;
				CLANG_WARN_OBJC_IMPLICIT_RETAIN_SELF = YES;
				CLANG_WARN_OBJC_LITERAL_CONVERSION = YES;
				CLANG_WARN_OBJC_ROOT_CLASS = YES_ERROR;
				CLANG_WARN_QUOTED_INCLUDE_IN_FRAMEWORK_HEADER = YES;
				CLANG_WARN_RANGE_LOOP_ANALYSIS = YES;
				CLANG_WARN_STRICT_PROTOTYPES = YES;
				CLANG_WARN_SUSPICIOUS_MOVE = YES;
				CLANG_WARN_UNGUARDED_AVAILABILITY = YES_AGGRESSIVE;
				CLANG_WARN_UNREACHABLE_CODE = YES;
				CLANG_WARN__DUPLICATE_METHOD_MATCH = YES;
				COPY_PHASE_STRIP = NO;
				DEBUG_INFORMATION_FORMAT = dwarf;
				ENABLE_STRICT_OBJC_MSGSEND = YES;
				ENABLE_TESTABILITY = YES;
				GCC_C_LANGUAGE_STANDARD = gnu11;
				GCC_DYNAMIC_NO_PIC = NO;
				GCC_NO_COMMON_BLOCKS = YES;
				GCC_OPTIMIZATION_LEVEL = 0;
				GCC_PREPROCESSOR_DEFINITIONS = (
					"DEBUG=1",
					"$(inherited)",
				);
				GCC_WARN_64_TO_32_BIT_CONVERSION = YES;
				GCC_WARN_ABOUT_RETURN_TYPE = YES_ERROR;
				GCC_WARN_UNDECLARED_SELECTOR = YES;
				GCC_WARN_UNINITIALIZED_AUTOS = YES_AGGRESSIVE;
				GCC_WARN_UNUSED_FUNCTION = YES;
				GCC_WARN_UNUSED_VARIABLE = YES;
				IPHONEOS_DEPLOYMENT_TARGET = 14.0;
				MTL_ENABLE_DEBUG_INFO = INCLUDE_SOURCE;
				MTL_FAST_MATH = YES;
				ONLY_ACTIVE_ARCH = YES;
				SDKROOT = iphoneos;
				SWIFT_ACTIVE_COMPILATION_CONDITIONS = DEBUG;
				SWIFT_OPTIMIZATION_LEVEL = "-Onone";
			};
			name = Debug;
		};
		D9A05ACD253831E900E26537 /* Release */ = {
			isa = XCBuildConfiguration;
			buildSettings = {
				ALWAYS_SEARCH_USER_PATHS = NO;
				CLANG_ANALYZER_NONNULL = YES;
				CLANG_ANALYZER_NUMBER_OBJECT_CONVERSION = YES_AGGRESSIVE;
				CLANG_CXX_LANGUAGE_STANDARD = "gnu++14";
				CLANG_CXX_LIBRARY = "libc++";
				CLANG_ENABLE_MODULES = YES;
				CLANG_ENABLE_OBJC_ARC = YES;
				CLANG_ENABLE_OBJC_WEAK = YES;
				CLANG_WARN_BLOCK_CAPTURE_AUTORELEASING = YES;
				CLANG_WARN_BOOL_CONVERSION = YES;
				CLANG_WARN_COMMA = YES;
				CLANG_WARN_CONSTANT_CONVERSION = YES;
				CLANG_WARN_DEPRECATED_OBJC_IMPLEMENTATIONS = YES;
				CLANG_WARN_DIRECT_OBJC_ISA_USAGE = YES_ERROR;
				CLANG_WARN_DOCUMENTATION_COMMENTS = YES;
				CLANG_WARN_EMPTY_BODY = YES;
				CLANG_WARN_ENUM_CONVERSION = YES;
				CLANG_WARN_INFINITE_RECURSION = YES;
				CLANG_WARN_INT_CONVERSION = YES;
				CLANG_WARN_NON_LITERAL_NULL_CONVERSION = YES;
				CLANG_WARN_OBJC_IMPLICIT_RETAIN_SELF = YES;
				CLANG_WARN_OBJC_LITERAL_CONVERSION = YES;
				CLANG_WARN_OBJC_ROOT_CLASS = YES_ERROR;
				CLANG_WARN_QUOTED_INCLUDE_IN_FRAMEWORK_HEADER = YES;
				CLANG_WARN_RANGE_LOOP_ANALYSIS = YES;
				CLANG_WARN_STRICT_PROTOTYPES = YES;
				CLANG_WARN_SUSPICIOUS_MOVE = YES;
				CLANG_WARN_UNGUARDED_AVAILABILITY = YES_AGGRESSIVE;
				CLANG_WARN_UNREACHABLE_CODE = YES;
				CLANG_WARN__DUPLICATE_METHOD_MATCH = YES;
				COPY_PHASE_STRIP = NO;
				DEBUG_INFORMATION_FORMAT = "dwarf-with-dsym";
				ENABLE_NS_ASSERTIONS = NO;
				ENABLE_STRICT_OBJC_MSGSEND = YES;
				GCC_C_LANGUAGE_STANDARD = gnu11;
				GCC_NO_COMMON_BLOCKS = YES;
				GCC_WARN_64_TO_32_BIT_CONVERSION = YES;
				GCC_WARN_ABOUT_RETURN_TYPE = YES_ERROR;
				GCC_WARN_UNDECLARED_SELECTOR = YES;
				GCC_WARN_UNINITIALIZED_AUTOS = YES_AGGRESSIVE;
				GCC_WARN_UNUSED_FUNCTION = YES;
				GCC_WARN_UNUSED_VARIABLE = YES;
				IPHONEOS_DEPLOYMENT_TARGET = 14.0;
				MTL_ENABLE_DEBUG_INFO = NO;
				MTL_FAST_MATH = YES;
				SDKROOT = iphoneos;
				SWIFT_COMPILATION_MODE = wholemodule;
				SWIFT_OPTIMIZATION_LEVEL = "-O";
				VALIDATE_PRODUCT = YES;
			};
			name = Release;
		};
		D9A05ACF253831E900E26537 /* Debug */ = {
			isa = XCBuildConfiguration;
			buildSettings = {
				ASSETCATALOG_COMPILER_APPICON_NAME = AppIcon;
				ASSETCATALOG_COMPILER_GLOBAL_ACCENT_COLOR_NAME = AccentColor;
				CODE_SIGN_STYLE = Automatic;
				DEVELOPMENT_ASSET_PATHS = "\"SwiftUI-15/Preview Content\"";
				DEVELOPMENT_TEAM = 55MCT9R6B9;
				ENABLE_PREVIEWS = YES;
				INFOPLIST_FILE = "SwiftUI-15/Info.plist";
				IPHONEOS_DEPLOYMENT_TARGET = 14.0;
				LD_RUNPATH_SEARCH_PATHS = (
					"$(inherited)",
					"@executable_path/Frameworks",
				);
				PRODUCT_BUNDLE_IDENTIFIER = "com.VasPet.SwiftUI-15";
				PRODUCT_NAME = "$(TARGET_NAME)";
				SWIFT_VERSION = 5.0;
				TARGETED_DEVICE_FAMILY = "1,2";
			};
			name = Debug;
		};
		D9A05AD0253831E900E26537 /* Release */ = {
			isa = XCBuildConfiguration;
			buildSettings = {
				ASSETCATALOG_COMPILER_APPICON_NAME = AppIcon;
				ASSETCATALOG_COMPILER_GLOBAL_ACCENT_COLOR_NAME = AccentColor;
				CODE_SIGN_STYLE = Automatic;
				DEVELOPMENT_ASSET_PATHS = "\"SwiftUI-15/Preview Content\"";
				DEVELOPMENT_TEAM = 55MCT9R6B9;
				ENABLE_PREVIEWS = YES;
				INFOPLIST_FILE = "SwiftUI-15/Info.plist";
				IPHONEOS_DEPLOYMENT_TARGET = 14.0;
				LD_RUNPATH_SEARCH_PATHS = (
					"$(inherited)",
					"@executable_path/Frameworks",
				);
				PRODUCT_BUNDLE_IDENTIFIER = "com.VasPet.SwiftUI-15";
				PRODUCT_NAME = "$(TARGET_NAME)";
				SWIFT_VERSION = 5.0;
				TARGETED_DEVICE_FAMILY = "1,2";
			};
			name = Release;
		};
/* End XCBuildConfiguration section */

/* Begin XCConfigurationList section */
		D9A05ABA253831E900E26537 /* Build configuration list for PBXProject "SwiftUI-15" */ = {
			isa = XCConfigurationList;
			buildConfigurations = (
				D9A05ACC253831E900E26537 /* Debug */,
				D9A05ACD253831E900E26537 /* Release */,
			);
			defaultConfigurationIsVisible = 0;
			defaultConfigurationName = Release;
		};
		D9A05ACE253831E900E26537 /* Build configuration list for PBXNativeTarget "SwiftUI-15" */ = {
			isa = XCConfigurationList;
			buildConfigurations = (
				D9A05ACF253831E900E26537 /* Debug */,
				D9A05AD0253831E900E26537 /* Release */,
			);
			defaultConfigurationIsVisible = 0;
			defaultConfigurationName = Release;
		};
/* End XCConfigurationList section */
	};
	rootObject = D9A05AB7253831E900E26537 /* Project object */;
}
